// !$*UTF8*$!
{
	archiveVersion = 1;
	classes = {
	};
	objectVersion = 46;
	objects = {

/* Begin PBXBuildFile section */
		7D148E57132D683F008FBF32 /* TFHpple.m in Sources */ = {isa = PBXBuildFile; fileRef = 7D148E52132D683F008FBF32 /* TFHpple.m */; };
		7D148E58132D683F008FBF32 /* TFHppleElement.m in Sources */ = {isa = PBXBuildFile; fileRef = 7D148E54132D683F008FBF32 /* TFHppleElement.m */; };
		7D148E59132D683F008FBF32 /* XPathQuery.m in Sources */ = {isa = PBXBuildFile; fileRef = 7D148E56132D683F008FBF32 /* XPathQuery.m */; };
		7D148E65132D68B5008FBF32 /* libxml2.dylib in Frameworks */ = {isa = PBXBuildFile; fileRef = 7D148E64132D68B5008FBF32 /* libxml2.dylib */; };
		7D148E7D132DD8F0008FBF32 /* HNSession.m in Sources */ = {isa = PBXBuildFile; fileRef = 7D148E7C132DD8F0008FBF32 /* HNSession.m */; };
		7D1F98921320CF720059EBBB /* UIKit.framework in Frameworks */ = {isa = PBXBuildFile; fileRef = 7D1F98911320CF720059EBBB /* UIKit.framework */; };
		7D1F98941320CF720059EBBB /* Foundation.framework in Frameworks */ = {isa = PBXBuildFile; fileRef = 7D1F98931320CF720059EBBB /* Foundation.framework */; };
		7D1F98961320CF720059EBBB /* CoreGraphics.framework in Frameworks */ = {isa = PBXBuildFile; fileRef = 7D1F98951320CF720059EBBB /* CoreGraphics.framework */; };
		7D1F989C1320CF720059EBBB /* InfoPlist.strings in Resources */ = {isa = PBXBuildFile; fileRef = 7D1F989A1320CF720059EBBB /* InfoPlist.strings */; };
		7D1F989F1320CF720059EBBB /* main.m in Sources */ = {isa = PBXBuildFile; fileRef = 7D1F989E1320CF720059EBBB /* main.m */; };
		7D1F98A21320CF720059EBBB /* OrangeyAppDelegate.m in Sources */ = {isa = PBXBuildFile; fileRef = 7D1F98A11320CF720059EBBB /* OrangeyAppDelegate.m */; };
		7D1F98BB1320D3930059EBBB /* SubmissionListController.m in Sources */ = {isa = PBXBuildFile; fileRef = 7D1F98BA1320D3930059EBBB /* SubmissionListController.m */; };
		7D1F98BE1320E3A10059EBBB /* ProfileController.m in Sources */ = {isa = PBXBuildFile; fileRef = 7D1F98BD1320E3A10059EBBB /* ProfileController.m */; };
		7D1F98C11320E3F70059EBBB /* LoadingController.m in Sources */ = {isa = PBXBuildFile; fileRef = 7D1F98C01320E3F60059EBBB /* LoadingController.m */; };
		7D1F98C41320E5790059EBBB /* LoadingIndicatorView.m in Sources */ = {isa = PBXBuildFile; fileRef = 7D1F98C31320E5780059EBBB /* LoadingIndicatorView.m */; };
		7D1F98CB1322141F0059EBBB /* HNObject.m in Sources */ = {isa = PBXBuildFile; fileRef = 7D1F98CA1322141F0059EBBB /* HNObject.m */; };
		7D1F98CE132214300059EBBB /* HNUser.m in Sources */ = {isa = PBXBuildFile; fileRef = 7D1F98CD132214300059EBBB /* HNUser.m */; };
		7D1F98D11322143E0059EBBB /* HNEntry.m in Sources */ = {isa = PBXBuildFile; fileRef = 7D1F98D01322143E0059EBBB /* HNEntry.m */; };
		7D1F98D613221C5E0059EBBB /* NSURL+Parameters.m in Sources */ = {isa = PBXBuildFile; fileRef = 7D1F98D513221C5E0059EBBB /* NSURL+Parameters.m */; };
		7D1F98D9132221710059EBBB /* HNAPIRequest.m in Sources */ = {isa = PBXBuildFile; fileRef = 7D1F98D81322216E0059EBBB /* HNAPIRequest.m */; };
		7D1F98EE13222F0F0059EBBB /* NSObject+JSON.m in Sources */ = {isa = PBXBuildFile; fileRef = 7D1F98DD13222F0F0059EBBB /* NSObject+JSON.m */; };
		7D1F98EF13222F0F0059EBBB /* SBJsonParser.m in Sources */ = {isa = PBXBuildFile; fileRef = 7D1F98DF13222F0F0059EBBB /* SBJsonParser.m */; };
		7D1F98F013222F0F0059EBBB /* SBJsonStreamParser.m in Sources */ = {isa = PBXBuildFile; fileRef = 7D1F98E113222F0F0059EBBB /* SBJsonStreamParser.m */; };
		7D1F98F113222F0F0059EBBB /* SBJsonStreamParserAdapter.m in Sources */ = {isa = PBXBuildFile; fileRef = 7D1F98E313222F0F0059EBBB /* SBJsonStreamParserAdapter.m */; };
		7D1F98F213222F0F0059EBBB /* SBJsonStreamParserState.m in Sources */ = {isa = PBXBuildFile; fileRef = 7D1F98E513222F0F0059EBBB /* SBJsonStreamParserState.m */; };
		7D1F98F313222F0F0059EBBB /* SBJsonStreamWriter.m in Sources */ = {isa = PBXBuildFile; fileRef = 7D1F98E713222F0F0059EBBB /* SBJsonStreamWriter.m */; };
		7D1F98F413222F0F0059EBBB /* SBJsonStreamWriterState.m in Sources */ = {isa = PBXBuildFile; fileRef = 7D1F98E913222F0F0059EBBB /* SBJsonStreamWriterState.m */; };
		7D1F98F513222F0F0059EBBB /* SBJsonTokeniser.m in Sources */ = {isa = PBXBuildFile; fileRef = 7D1F98EB13222F0F0059EBBB /* SBJsonTokeniser.m */; };
		7D1F98F613222F0F0059EBBB /* SBJsonWriter.m in Sources */ = {isa = PBXBuildFile; fileRef = 7D1F98ED13222F0F0059EBBB /* SBJsonWriter.m */; };
		7D1F98F91322306C0059EBBB /* NSObject+PerformSelector.m in Sources */ = {isa = PBXBuildFile; fileRef = 7D1F98F81322306B0059EBBB /* NSObject+PerformSelector.m */; };
		7D1F98FF1322CC280059EBBB /* home.png in Resources */ = {isa = PBXBuildFile; fileRef = 7D1F98FD1322CC280059EBBB /* home.png */; };
		7D1F99001322CC280059EBBB /* home@2x.png in Resources */ = {isa = PBXBuildFile; fileRef = 7D1F98FE1322CC280059EBBB /* home@2x.png */; };
		7D1F99071322CE200059EBBB /* new.png in Resources */ = {isa = PBXBuildFile; fileRef = 7D1F99031322CE1F0059EBBB /* new.png */; };
		7D1F99081322CE200059EBBB /* new@2x.png in Resources */ = {isa = PBXBuildFile; fileRef = 7D1F99041322CE1F0059EBBB /* new@2x.png */; };
		7D1F99091322CE200059EBBB /* profile.png in Resources */ = {isa = PBXBuildFile; fileRef = 7D1F99051322CE200059EBBB /* profile.png */; };
		7D1F990A1322CE200059EBBB /* profile@2x.png in Resources */ = {isa = PBXBuildFile; fileRef = 7D1F99061322CE200059EBBB /* profile@2x.png */; };
		7D1F990D1322E9400059EBBB /* SubmissionTableCell.m in Sources */ = {isa = PBXBuildFile; fileRef = 7D1F990C1322E9400059EBBB /* SubmissionTableCell.m */; };
		7D1F99101322EE330059EBBB /* ABTableViewCell.m in Sources */ = {isa = PBXBuildFile; fileRef = 7D1F990F1322EE330059EBBB /* ABTableViewCell.m */; };
		7D1F99131322FE020059EBBB /* ProfileHeaderView.m in Sources */ = {isa = PBXBuildFile; fileRef = 7D1F99121322FE010059EBBB /* ProfileHeaderView.m */; };
		7D1F9916132314130059EBBB /* NSString+RemoveSuffix.m in Sources */ = {isa = PBXBuildFile; fileRef = 7D1F9915132314110059EBBB /* NSString+RemoveSuffix.m */; };
		7D1F9919132333E90059EBBB /* CommentTableCell.m in Sources */ = {isa = PBXBuildFile; fileRef = 7D1F9918132333E70059EBBB /* CommentTableCell.m */; };
		7D1F991C1323349A0059EBBB /* CommentListController.m in Sources */ = {isa = PBXBuildFile; fileRef = 7D1F991B132334960059EBBB /* CommentListController.m */; };
		7D248E421324117A00882506 /* HeaderContainerView.m in Sources */ = {isa = PBXBuildFile; fileRef = 7D248E411324117A00882506 /* HeaderContainerView.m */; };
		7D248E461324155F00882506 /* DetailsHeaderView.m in Sources */ = {isa = PBXBuildFile; fileRef = 7D248E451324155E00882506 /* DetailsHeaderView.m */; };
		7D24A75F132C3E7C00C6C45D /* HNAPIParserItem.m in Sources */ = {isa = PBXBuildFile; fileRef = 7D24A75E132C3E7C00C6C45D /* HNAPIParserItem.m */; };
		7D24A763132C3E9100C6C45D /* HNAPIParserItemSubmissionList.m in Sources */ = {isa = PBXBuildFile; fileRef = 7D24A762132C3E9100C6C45D /* HNAPIParserItemSubmissionList.m */; };
		7D24A766132C3EA200C6C45D /* HNAPIParserItemUserProfile.m in Sources */ = {isa = PBXBuildFile; fileRef = 7D24A765132C3EA100C6C45D /* HNAPIParserItemUserProfile.m */; };
		7D24A769132C3EDD00C6C45D /* HNAPIParserItemCommentTree.m in Sources */ = {isa = PBXBuildFile; fileRef = 7D24A768132C3EDD00C6C45D /* HNAPIParserItemCommentTree.m */; };
		7D394B041325B6A200926C11 /* SolidToolbar.m in Sources */ = {isa = PBXBuildFile; fileRef = 7D394B031325B6A200926C11 /* SolidToolbar.m */; };
		7D394B0C1325D5F300926C11 /* downvote.png in Resources */ = {isa = PBXBuildFile; fileRef = 7D394B061325D5F300926C11 /* downvote.png */; };
		7D394B0D1325D5F300926C11 /* downvote@2x.png in Resources */ = {isa = PBXBuildFile; fileRef = 7D394B071325D5F300926C11 /* downvote@2x.png */; };
		7D394B0E1325D5F300926C11 /* reply.png in Resources */ = {isa = PBXBuildFile; fileRef = 7D394B081325D5F300926C11 /* reply.png */; };
		7D394B0F1325D5F300926C11 /* reply@2x.png in Resources */ = {isa = PBXBuildFile; fileRef = 7D394B091325D5F300926C11 /* reply@2x.png */; };
		7D394B101325D5F300926C11 /* upvote.png in Resources */ = {isa = PBXBuildFile; fileRef = 7D394B0A1325D5F300926C11 /* upvote.png */; };
		7D394B111325D5F300926C11 /* upvote@2x.png in Resources */ = {isa = PBXBuildFile; fileRef = 7D394B0B1325D5F300926C11 /* upvote@2x.png */; };
		7D394B141325F1F600926C11 /* flag.png in Resources */ = {isa = PBXBuildFile; fileRef = 7D394B121325F1F200926C11 /* flag.png */; };
		7D394B151325F1F600926C11 /* flag@2x.png in Resources */ = {isa = PBXBuildFile; fileRef = 7D394B131325F1F300926C11 /* flag@2x.png */; };
		7D4F647D13233A0300C9A548 /* EntryListController.m in Sources */ = {isa = PBXBuildFile; fileRef = 7D1F991E132335800059EBBB /* EntryListController.m */; };
		7D876EB91329E51600904F68 /* InstapaperAPI.m in Sources */ = {isa = PBXBuildFile; fileRef = 7D876EB81329E51500904F68 /* InstapaperAPI.m */; };
		7D876EBD1329E6A300904F68 /* StatusDelegate.m in Sources */ = {isa = PBXBuildFile; fileRef = 7D876EBC1329E6A000904F68 /* StatusDelegate.m */; };
		7D876EC01329E9AF00904F68 /* NSString+URLEncoding.m in Sources */ = {isa = PBXBuildFile; fileRef = 7D876EBF1329E9AF00904F68 /* NSString+URLEncoding.m */; };
		7D876EC21329EDB900904F68 /* Settings.bundle in Resources */ = {isa = PBXBuildFile; fileRef = 7D876EC11329EDB900904F68 /* Settings.bundle */; };
		7D8BDB8C13287A97007CA615 /* MoreController.m in Sources */ = {isa = PBXBuildFile; fileRef = 7D8BDB8B13287A97007CA615 /* MoreController.m */; };
		7DAF86C01323681C00D9FDFA /* SlidingHeaderView.m in Sources */ = {isa = PBXBuildFile; fileRef = 7DAF86BF1323681C00D9FDFA /* SlidingHeaderView.m */; };
		7DAF86C7132378E600D9FDFA /* SubmissionDetailsHeaderView.m in Sources */ = {isa = PBXBuildFile; fileRef = 7DAF86C6132378E600D9FDFA /* SubmissionDetailsHeaderView.m */; };
		7DAF86CA132385AA00D9FDFA /* EntryActionsView.m in Sources */ = {isa = PBXBuildFile; fileRef = 7DAF86C9132385A900D9FDFA /* EntryActionsView.m */; };
		7DAF86CD132408A600D9FDFA /* CommentDetailsHeaderView.m in Sources */ = {isa = PBXBuildFile; fileRef = 7DAF86CC132408A300D9FDFA /* CommentDetailsHeaderView.m */; };
		7DDC36C0132CBB2000311955 /* NSDictionary+Parameters.m in Sources */ = {isa = PBXBuildFile; fileRef = 7DDC36BF132CBB2000311955 /* NSDictionary+Parameters.m */; };
		7DDC36C4132CCE1700311955 /* NSString+HTML.m in Sources */ = {isa = PBXBuildFile; fileRef = 7DDC36C3132CCE1700311955 /* NSString+HTML.m */; };
		7DDF84861331D26100FE1F5E /* NSString+Entities.m in Sources */ = {isa = PBXBuildFile; fileRef = 7DDF84851331D26100FE1F5E /* NSString+Entities.m */; };
		7DEE29E61325FE9E002CC9FD /* BrowserController.m in Sources */ = {isa = PBXBuildFile; fileRef = 7DEE29E51325FE9E002CC9FD /* BrowserController.m */; };
		7DEE29EC1326105B002CC9FD /* back.png in Resources */ = {isa = PBXBuildFile; fileRef = 7DEE29E81326105B002CC9FD /* back.png */; };
		7DEE29ED1326105B002CC9FD /* back@2x.png in Resources */ = {isa = PBXBuildFile; fileRef = 7DEE29E91326105B002CC9FD /* back@2x.png */; };
		7DEE29EE1326105B002CC9FD /* forward.png in Resources */ = {isa = PBXBuildFile; fileRef = 7DEE29EA1326105B002CC9FD /* forward.png */; };
		7DEE29EF1326105B002CC9FD /* forward@2x.png in Resources */ = {isa = PBXBuildFile; fileRef = 7DEE29EB1326105B002CC9FD /* forward@2x.png */; };
/* End PBXBuildFile section */

/* Begin PBXFileReference section */
		7D148E51132D683F008FBF32 /* TFHpple.h */ = {isa = PBXFileReference; fileEncoding = 4; lastKnownFileType = sourcecode.c.h; name = TFHpple.h; path = "../../../Downloads/thepatrick-hpple-cd49ad1/TFHpple.h"; sourceTree = "<group>"; };
		7D148E52132D683F008FBF32 /* TFHpple.m */ = {isa = PBXFileReference; fileEncoding = 4; lastKnownFileType = sourcecode.c.objc; name = TFHpple.m; path = "../../../Downloads/thepatrick-hpple-cd49ad1/TFHpple.m"; sourceTree = "<group>"; };
		7D148E53132D683F008FBF32 /* TFHppleElement.h */ = {isa = PBXFileReference; fileEncoding = 4; lastKnownFileType = sourcecode.c.h; name = TFHppleElement.h; path = "../../../Downloads/thepatrick-hpple-cd49ad1/TFHppleElement.h"; sourceTree = "<group>"; };
		7D148E54132D683F008FBF32 /* TFHppleElement.m */ = {isa = PBXFileReference; fileEncoding = 4; lastKnownFileType = sourcecode.c.objc; name = TFHppleElement.m; path = "../../../Downloads/thepatrick-hpple-cd49ad1/TFHppleElement.m"; sourceTree = "<group>"; };
		7D148E55132D683F008FBF32 /* XPathQuery.h */ = {isa = PBXFileReference; fileEncoding = 4; lastKnownFileType = sourcecode.c.h; name = XPathQuery.h; path = "../../../Downloads/thepatrick-hpple-cd49ad1/XPathQuery.h"; sourceTree = "<group>"; };
		7D148E56132D683F008FBF32 /* XPathQuery.m */ = {isa = PBXFileReference; fileEncoding = 4; lastKnownFileType = sourcecode.c.objc; name = XPathQuery.m; path = "../../../Downloads/thepatrick-hpple-cd49ad1/XPathQuery.m"; sourceTree = "<group>"; };
		7D148E64132D68B5008FBF32 /* libxml2.dylib */ = {isa = PBXFileReference; lastKnownFileType = "compiled.mach-o.dylib"; name = libxml2.dylib; path = usr/lib/libxml2.dylib; sourceTree = SDKROOT; };
		7D148E7B132DD8F0008FBF32 /* HNSession.h */ = {isa = PBXFileReference; fileEncoding = 4; lastKnownFileType = sourcecode.c.h; path = HNSession.h; sourceTree = "<group>"; };
		7D148E7C132DD8F0008FBF32 /* HNSession.m */ = {isa = PBXFileReference; fileEncoding = 4; lastKnownFileType = sourcecode.c.objc; path = HNSession.m; sourceTree = "<group>"; };
		7D1F988D1320CF720059EBBB /* Orangey.app */ = {isa = PBXFileReference; explicitFileType = wrapper.application; includeInIndex = 0; path = Orangey.app; sourceTree = BUILT_PRODUCTS_DIR; };
		7D1F98911320CF720059EBBB /* UIKit.framework */ = {isa = PBXFileReference; lastKnownFileType = wrapper.framework; name = UIKit.framework; path = System/Library/Frameworks/UIKit.framework; sourceTree = SDKROOT; };
		7D1F98931320CF720059EBBB /* Foundation.framework */ = {isa = PBXFileReference; lastKnownFileType = wrapper.framework; name = Foundation.framework; path = System/Library/Frameworks/Foundation.framework; sourceTree = SDKROOT; };
		7D1F98951320CF720059EBBB /* CoreGraphics.framework */ = {isa = PBXFileReference; lastKnownFileType = wrapper.framework; name = CoreGraphics.framework; path = System/Library/Frameworks/CoreGraphics.framework; sourceTree = SDKROOT; };
		7D1F98991320CF720059EBBB /* Orangey-Info.plist */ = {isa = PBXFileReference; lastKnownFileType = text.plist.xml; path = "Orangey-Info.plist"; sourceTree = "<group>"; };
		7D1F989B1320CF720059EBBB /* en */ = {isa = PBXFileReference; lastKnownFileType = text.plist.strings; name = en; path = en.lproj/InfoPlist.strings; sourceTree = "<group>"; };
		7D1F989D1320CF720059EBBB /* Orangey-Prefix.pch */ = {isa = PBXFileReference; lastKnownFileType = sourcecode.c.h; path = "Orangey-Prefix.pch"; sourceTree = "<group>"; };
		7D1F989E1320CF720059EBBB /* main.m */ = {isa = PBXFileReference; lastKnownFileType = sourcecode.c.objc; path = main.m; sourceTree = "<group>"; };
		7D1F98A01320CF720059EBBB /* OrangeyAppDelegate.h */ = {isa = PBXFileReference; lastKnownFileType = sourcecode.c.h; path = OrangeyAppDelegate.h; sourceTree = "<group>"; };
		7D1F98A11320CF720059EBBB /* OrangeyAppDelegate.m */ = {isa = PBXFileReference; lastKnownFileType = sourcecode.c.objc; path = OrangeyAppDelegate.m; sourceTree = "<group>"; };
		7D1F98B91320D3930059EBBB /* SubmissionListController.h */ = {isa = PBXFileReference; fileEncoding = 4; lastKnownFileType = sourcecode.c.h; path = SubmissionListController.h; sourceTree = "<group>"; };
		7D1F98BA1320D3930059EBBB /* SubmissionListController.m */ = {isa = PBXFileReference; fileEncoding = 4; lastKnownFileType = sourcecode.c.objc; path = SubmissionListController.m; sourceTree = "<group>"; };
		7D1F98BC1320E3A10059EBBB /* ProfileController.h */ = {isa = PBXFileReference; fileEncoding = 4; lastKnownFileType = sourcecode.c.h; path = ProfileController.h; sourceTree = "<group>"; };
		7D1F98BD1320E3A10059EBBB /* ProfileController.m */ = {isa = PBXFileReference; fileEncoding = 4; lastKnownFileType = sourcecode.c.objc; path = ProfileController.m; sourceTree = "<group>"; };
		7D1F98BF1320E3F60059EBBB /* LoadingController.h */ = {isa = PBXFileReference; fileEncoding = 4; lastKnownFileType = sourcecode.c.h; path = LoadingController.h; sourceTree = "<group>"; };
		7D1F98C01320E3F60059EBBB /* LoadingController.m */ = {isa = PBXFileReference; fileEncoding = 4; lastKnownFileType = sourcecode.c.objc; path = LoadingController.m; sourceTree = "<group>"; };
		7D1F98C21320E5780059EBBB /* LoadingIndicatorView.h */ = {isa = PBXFileReference; fileEncoding = 4; lastKnownFileType = sourcecode.c.h; path = LoadingIndicatorView.h; sourceTree = "<group>"; };
		7D1F98C31320E5780059EBBB /* LoadingIndicatorView.m */ = {isa = PBXFileReference; fileEncoding = 4; lastKnownFileType = sourcecode.c.objc; path = LoadingIndicatorView.m; sourceTree = "<group>"; };
		7D1F98C91322141F0059EBBB /* HNObject.h */ = {isa = PBXFileReference; fileEncoding = 4; lastKnownFileType = sourcecode.c.h; path = HNObject.h; sourceTree = "<group>"; };
		7D1F98CA1322141F0059EBBB /* HNObject.m */ = {isa = PBXFileReference; fileEncoding = 4; lastKnownFileType = sourcecode.c.objc; path = HNObject.m; sourceTree = "<group>"; };
		7D1F98CC132214300059EBBB /* HNUser.h */ = {isa = PBXFileReference; fileEncoding = 4; lastKnownFileType = sourcecode.c.h; path = HNUser.h; sourceTree = "<group>"; };
		7D1F98CD132214300059EBBB /* HNUser.m */ = {isa = PBXFileReference; fileEncoding = 4; lastKnownFileType = sourcecode.c.objc; path = HNUser.m; sourceTree = "<group>"; };
		7D1F98CF1322143E0059EBBB /* HNEntry.h */ = {isa = PBXFileReference; fileEncoding = 4; lastKnownFileType = sourcecode.c.h; path = HNEntry.h; sourceTree = "<group>"; };
		7D1F98D01322143E0059EBBB /* HNEntry.m */ = {isa = PBXFileReference; fileEncoding = 4; lastKnownFileType = sourcecode.c.objc; path = HNEntry.m; sourceTree = "<group>"; };
		7D1F98D2132217490059EBBB /* HNKit.h */ = {isa = PBXFileReference; fileEncoding = 4; lastKnownFileType = sourcecode.c.h; path = HNKit.h; sourceTree = "<group>"; };
		7D1F98D413221C5E0059EBBB /* NSURL+Parameters.h */ = {isa = PBXFileReference; fileEncoding = 4; lastKnownFileType = sourcecode.c.h; path = "NSURL+Parameters.h"; sourceTree = "<group>"; };
		7D1F98D513221C5E0059EBBB /* NSURL+Parameters.m */ = {isa = PBXFileReference; fileEncoding = 4; lastKnownFileType = sourcecode.c.objc; path = "NSURL+Parameters.m"; sourceTree = "<group>"; };
		7D1F98D71322216D0059EBBB /* HNAPIRequest.h */ = {isa = PBXFileReference; fileEncoding = 4; lastKnownFileType = sourcecode.c.h; path = HNAPIRequest.h; sourceTree = "<group>"; };
		7D1F98D81322216E0059EBBB /* HNAPIRequest.m */ = {isa = PBXFileReference; fileEncoding = 4; lastKnownFileType = sourcecode.c.objc; path = HNAPIRequest.m; sourceTree = "<group>"; };
		7D1F98DB13222F0F0059EBBB /* JSON.h */ = {isa = PBXFileReference; fileEncoding = 4; lastKnownFileType = sourcecode.c.h; path = JSON.h; sourceTree = "<group>"; };
		7D1F98DC13222F0F0059EBBB /* NSObject+JSON.h */ = {isa = PBXFileReference; fileEncoding = 4; lastKnownFileType = sourcecode.c.h; path = "NSObject+JSON.h"; sourceTree = "<group>"; };
		7D1F98DD13222F0F0059EBBB /* NSObject+JSON.m */ = {isa = PBXFileReference; fileEncoding = 4; lastKnownFileType = sourcecode.c.objc; path = "NSObject+JSON.m"; sourceTree = "<group>"; };
		7D1F98DE13222F0F0059EBBB /* SBJsonParser.h */ = {isa = PBXFileReference; fileEncoding = 4; lastKnownFileType = sourcecode.c.h; path = SBJsonParser.h; sourceTree = "<group>"; };
		7D1F98DF13222F0F0059EBBB /* SBJsonParser.m */ = {isa = PBXFileReference; fileEncoding = 4; lastKnownFileType = sourcecode.c.objc; path = SBJsonParser.m; sourceTree = "<group>"; };
		7D1F98E013222F0F0059EBBB /* SBJsonStreamParser.h */ = {isa = PBXFileReference; fileEncoding = 4; lastKnownFileType = sourcecode.c.h; path = SBJsonStreamParser.h; sourceTree = "<group>"; };
		7D1F98E113222F0F0059EBBB /* SBJsonStreamParser.m */ = {isa = PBXFileReference; fileEncoding = 4; lastKnownFileType = sourcecode.c.objc; path = SBJsonStreamParser.m; sourceTree = "<group>"; };
		7D1F98E213222F0F0059EBBB /* SBJsonStreamParserAdapter.h */ = {isa = PBXFileReference; fileEncoding = 4; lastKnownFileType = sourcecode.c.h; path = SBJsonStreamParserAdapter.h; sourceTree = "<group>"; };
		7D1F98E313222F0F0059EBBB /* SBJsonStreamParserAdapter.m */ = {isa = PBXFileReference; fileEncoding = 4; lastKnownFileType = sourcecode.c.objc; path = SBJsonStreamParserAdapter.m; sourceTree = "<group>"; };
		7D1F98E413222F0F0059EBBB /* SBJsonStreamParserState.h */ = {isa = PBXFileReference; fileEncoding = 4; lastKnownFileType = sourcecode.c.h; path = SBJsonStreamParserState.h; sourceTree = "<group>"; };
		7D1F98E513222F0F0059EBBB /* SBJsonStreamParserState.m */ = {isa = PBXFileReference; fileEncoding = 4; lastKnownFileType = sourcecode.c.objc; path = SBJsonStreamParserState.m; sourceTree = "<group>"; };
		7D1F98E613222F0F0059EBBB /* SBJsonStreamWriter.h */ = {isa = PBXFileReference; fileEncoding = 4; lastKnownFileType = sourcecode.c.h; path = SBJsonStreamWriter.h; sourceTree = "<group>"; };
		7D1F98E713222F0F0059EBBB /* SBJsonStreamWriter.m */ = {isa = PBXFileReference; fileEncoding = 4; lastKnownFileType = sourcecode.c.objc; path = SBJsonStreamWriter.m; sourceTree = "<group>"; };
		7D1F98E813222F0F0059EBBB /* SBJsonStreamWriterState.h */ = {isa = PBXFileReference; fileEncoding = 4; lastKnownFileType = sourcecode.c.h; path = SBJsonStreamWriterState.h; sourceTree = "<group>"; };
		7D1F98E913222F0F0059EBBB /* SBJsonStreamWriterState.m */ = {isa = PBXFileReference; fileEncoding = 4; lastKnownFileType = sourcecode.c.objc; path = SBJsonStreamWriterState.m; sourceTree = "<group>"; };
		7D1F98EA13222F0F0059EBBB /* SBJsonTokeniser.h */ = {isa = PBXFileReference; fileEncoding = 4; lastKnownFileType = sourcecode.c.h; path = SBJsonTokeniser.h; sourceTree = "<group>"; };
		7D1F98EB13222F0F0059EBBB /* SBJsonTokeniser.m */ = {isa = PBXFileReference; fileEncoding = 4; lastKnownFileType = sourcecode.c.objc; path = SBJsonTokeniser.m; sourceTree = "<group>"; };
		7D1F98EC13222F0F0059EBBB /* SBJsonWriter.h */ = {isa = PBXFileReference; fileEncoding = 4; lastKnownFileType = sourcecode.c.h; path = SBJsonWriter.h; sourceTree = "<group>"; };
		7D1F98ED13222F0F0059EBBB /* SBJsonWriter.m */ = {isa = PBXFileReference; fileEncoding = 4; lastKnownFileType = sourcecode.c.objc; path = SBJsonWriter.m; sourceTree = "<group>"; };
		7D1F98F71322306B0059EBBB /* NSObject+PerformSelector.h */ = {isa = PBXFileReference; fileEncoding = 4; lastKnownFileType = sourcecode.c.h; path = "NSObject+PerformSelector.h"; sourceTree = "<group>"; };
		7D1F98F81322306B0059EBBB /* NSObject+PerformSelector.m */ = {isa = PBXFileReference; fileEncoding = 4; lastKnownFileType = sourcecode.c.objc; path = "NSObject+PerformSelector.m"; sourceTree = "<group>"; };
		7D1F98FD1322CC280059EBBB /* home.png */ = {isa = PBXFileReference; lastKnownFileType = image.png; path = home.png; sourceTree = "<group>"; };
		7D1F98FE1322CC280059EBBB /* home@2x.png */ = {isa = PBXFileReference; lastKnownFileType = image.png; path = "home@2x.png"; sourceTree = "<group>"; };
		7D1F99031322CE1F0059EBBB /* new.png */ = {isa = PBXFileReference; lastKnownFileType = image.png; path = new.png; sourceTree = "<group>"; };
		7D1F99041322CE1F0059EBBB /* new@2x.png */ = {isa = PBXFileReference; lastKnownFileType = image.png; path = "new@2x.png"; sourceTree = "<group>"; };
		7D1F99051322CE200059EBBB /* profile.png */ = {isa = PBXFileReference; lastKnownFileType = image.png; path = profile.png; sourceTree = "<group>"; };
		7D1F99061322CE200059EBBB /* profile@2x.png */ = {isa = PBXFileReference; lastKnownFileType = image.png; path = "profile@2x.png"; sourceTree = "<group>"; };
		7D1F990B1322E9400059EBBB /* SubmissionTableCell.h */ = {isa = PBXFileReference; fileEncoding = 4; lastKnownFileType = sourcecode.c.h; path = SubmissionTableCell.h; sourceTree = "<group>"; };
		7D1F990C1322E9400059EBBB /* SubmissionTableCell.m */ = {isa = PBXFileReference; fileEncoding = 4; lastKnownFileType = sourcecode.c.objc; path = SubmissionTableCell.m; sourceTree = "<group>"; };
		7D1F990E1322EE330059EBBB /* ABTableViewCell.h */ = {isa = PBXFileReference; fileEncoding = 4; lastKnownFileType = sourcecode.c.h; path = ABTableViewCell.h; sourceTree = "<group>"; };
		7D1F990F1322EE330059EBBB /* ABTableViewCell.m */ = {isa = PBXFileReference; fileEncoding = 4; lastKnownFileType = sourcecode.c.objc; path = ABTableViewCell.m; sourceTree = "<group>"; };
		7D1F99111322FE010059EBBB /* ProfileHeaderView.h */ = {isa = PBXFileReference; fileEncoding = 4; lastKnownFileType = sourcecode.c.h; path = ProfileHeaderView.h; sourceTree = "<group>"; };
		7D1F99121322FE010059EBBB /* ProfileHeaderView.m */ = {isa = PBXFileReference; fileEncoding = 4; lastKnownFileType = sourcecode.c.objc; path = ProfileHeaderView.m; sourceTree = "<group>"; };
		7D1F9914132314100059EBBB /* NSString+RemoveSuffix.h */ = {isa = PBXFileReference; fileEncoding = 4; lastKnownFileType = sourcecode.c.h; path = "NSString+RemoveSuffix.h"; sourceTree = "<group>"; };
		7D1F9915132314110059EBBB /* NSString+RemoveSuffix.m */ = {isa = PBXFileReference; fileEncoding = 4; lastKnownFileType = sourcecode.c.objc; path = "NSString+RemoveSuffix.m"; sourceTree = "<group>"; };
		7D1F9917132333E60059EBBB /* CommentTableCell.h */ = {isa = PBXFileReference; fileEncoding = 4; lastKnownFileType = sourcecode.c.h; path = CommentTableCell.h; sourceTree = "<group>"; };
		7D1F9918132333E70059EBBB /* CommentTableCell.m */ = {isa = PBXFileReference; fileEncoding = 4; lastKnownFileType = sourcecode.c.objc; path = CommentTableCell.m; sourceTree = "<group>"; };
		7D1F991A132334950059EBBB /* CommentListController.h */ = {isa = PBXFileReference; fileEncoding = 4; lastKnownFileType = sourcecode.c.h; path = CommentListController.h; sourceTree = "<group>"; };
		7D1F991B132334960059EBBB /* CommentListController.m */ = {isa = PBXFileReference; fileEncoding = 4; lastKnownFileType = sourcecode.c.objc; path = CommentListController.m; sourceTree = "<group>"; };
		7D1F991D132335420059EBBB /* EntryListController.h */ = {isa = PBXFileReference; lastKnownFileType = sourcecode.c.h; path = EntryListController.h; sourceTree = "<group>"; };
		7D1F991E132335800059EBBB /* EntryListController.m */ = {isa = PBXFileReference; lastKnownFileType = sourcecode.c.objc; path = EntryListController.m; sourceTree = "<group>"; };
		7D248E401324117A00882506 /* HeaderContainerView.h */ = {isa = PBXFileReference; fileEncoding = 4; lastKnownFileType = sourcecode.c.h; path = HeaderContainerView.h; sourceTree = "<group>"; };
		7D248E411324117A00882506 /* HeaderContainerView.m */ = {isa = PBXFileReference; fileEncoding = 4; lastKnownFileType = sourcecode.c.objc; path = HeaderContainerView.m; sourceTree = "<group>"; };
		7D248E441324155E00882506 /* DetailsHeaderView.h */ = {isa = PBXFileReference; fileEncoding = 4; lastKnownFileType = sourcecode.c.h; path = DetailsHeaderView.h; sourceTree = "<group>"; };
		7D248E451324155E00882506 /* DetailsHeaderView.m */ = {isa = PBXFileReference; fileEncoding = 4; lastKnownFileType = sourcecode.c.objc; path = DetailsHeaderView.m; sourceTree = "<group>"; };
		7D24A75D132C3E7C00C6C45D /* HNAPIParserItem.h */ = {isa = PBXFileReference; fileEncoding = 4; lastKnownFileType = sourcecode.c.h; path = HNAPIParserItem.h; sourceTree = "<group>"; };
		7D24A75E132C3E7C00C6C45D /* HNAPIParserItem.m */ = {isa = PBXFileReference; fileEncoding = 4; lastKnownFileType = sourcecode.c.objc; path = HNAPIParserItem.m; sourceTree = "<group>"; };
		7D24A761132C3E9100C6C45D /* HNAPIParserItemSubmissionList.h */ = {isa = PBXFileReference; fileEncoding = 4; lastKnownFileType = sourcecode.c.h; path = HNAPIParserItemSubmissionList.h; sourceTree = "<group>"; };
		7D24A762132C3E9100C6C45D /* HNAPIParserItemSubmissionList.m */ = {isa = PBXFileReference; fileEncoding = 4; lastKnownFileType = sourcecode.c.objc; path = HNAPIParserItemSubmissionList.m; sourceTree = "<group>"; };
		7D24A764132C3EA100C6C45D /* HNAPIParserItemUserProfile.h */ = {isa = PBXFileReference; fileEncoding = 4; lastKnownFileType = sourcecode.c.h; path = HNAPIParserItemUserProfile.h; sourceTree = "<group>"; };
		7D24A765132C3EA100C6C45D /* HNAPIParserItemUserProfile.m */ = {isa = PBXFileReference; fileEncoding = 4; lastKnownFileType = sourcecode.c.objc; path = HNAPIParserItemUserProfile.m; sourceTree = "<group>"; };
		7D24A767132C3EDD00C6C45D /* HNAPIParserItemCommentTree.h */ = {isa = PBXFileReference; fileEncoding = 4; lastKnownFileType = sourcecode.c.h; path = HNAPIParserItemCommentTree.h; sourceTree = "<group>"; };
		7D24A768132C3EDD00C6C45D /* HNAPIParserItemCommentTree.m */ = {isa = PBXFileReference; fileEncoding = 4; lastKnownFileType = sourcecode.c.objc; path = HNAPIParserItemCommentTree.m; sourceTree = "<group>"; };
		7D394B021325B6A200926C11 /* SolidToolbar.h */ = {isa = PBXFileReference; fileEncoding = 4; lastKnownFileType = sourcecode.c.h; path = SolidToolbar.h; sourceTree = "<group>"; };
		7D394B031325B6A200926C11 /* SolidToolbar.m */ = {isa = PBXFileReference; fileEncoding = 4; lastKnownFileType = sourcecode.c.objc; path = SolidToolbar.m; sourceTree = "<group>"; };
		7D394B061325D5F300926C11 /* downvote.png */ = {isa = PBXFileReference; lastKnownFileType = image.png; path = downvote.png; sourceTree = "<group>"; };
		7D394B071325D5F300926C11 /* downvote@2x.png */ = {isa = PBXFileReference; lastKnownFileType = image.png; path = "downvote@2x.png"; sourceTree = "<group>"; };
		7D394B081325D5F300926C11 /* reply.png */ = {isa = PBXFileReference; lastKnownFileType = image.png; path = reply.png; sourceTree = "<group>"; };
		7D394B091325D5F300926C11 /* reply@2x.png */ = {isa = PBXFileReference; lastKnownFileType = image.png; path = "reply@2x.png"; sourceTree = "<group>"; };
		7D394B0A1325D5F300926C11 /* upvote.png */ = {isa = PBXFileReference; lastKnownFileType = image.png; path = upvote.png; sourceTree = "<group>"; };
		7D394B0B1325D5F300926C11 /* upvote@2x.png */ = {isa = PBXFileReference; lastKnownFileType = image.png; path = "upvote@2x.png"; sourceTree = "<group>"; };
		7D394B121325F1F200926C11 /* flag.png */ = {isa = PBXFileReference; lastKnownFileType = image.png; path = flag.png; sourceTree = "<group>"; };
		7D394B131325F1F300926C11 /* flag@2x.png */ = {isa = PBXFileReference; lastKnownFileType = image.png; path = "flag@2x.png"; sourceTree = "<group>"; };
		7D876EB71329E51500904F68 /* InstapaperAPI.h */ = {isa = PBXFileReference; fileEncoding = 4; lastKnownFileType = sourcecode.c.h; path = InstapaperAPI.h; sourceTree = "<group>"; };
		7D876EB81329E51500904F68 /* InstapaperAPI.m */ = {isa = PBXFileReference; fileEncoding = 4; lastKnownFileType = sourcecode.c.objc; path = InstapaperAPI.m; sourceTree = "<group>"; };
		7D876EBB1329E69F00904F68 /* StatusDelegate.h */ = {isa = PBXFileReference; fileEncoding = 4; lastKnownFileType = sourcecode.c.h; path = StatusDelegate.h; sourceTree = "<group>"; };
		7D876EBC1329E6A000904F68 /* StatusDelegate.m */ = {isa = PBXFileReference; fileEncoding = 4; lastKnownFileType = sourcecode.c.objc; path = StatusDelegate.m; sourceTree = "<group>"; };
		7D876EBE1329E9AF00904F68 /* NSString+URLEncoding.h */ = {isa = PBXFileReference; fileEncoding = 4; lastKnownFileType = sourcecode.c.h; path = "NSString+URLEncoding.h"; sourceTree = "<group>"; };
		7D876EBF1329E9AF00904F68 /* NSString+URLEncoding.m */ = {isa = PBXFileReference; fileEncoding = 4; lastKnownFileType = sourcecode.c.objc; path = "NSString+URLEncoding.m"; sourceTree = "<group>"; };
		7D876EC11329EDB900904F68 /* Settings.bundle */ = {isa = PBXFileReference; lastKnownFileType = "wrapper.plug-in"; path = Settings.bundle; sourceTree = "<group>"; };
		7D8BDB8A13287A97007CA615 /* MoreController.h */ = {isa = PBXFileReference; fileEncoding = 4; lastKnownFileType = sourcecode.c.h; path = MoreController.h; sourceTree = "<group>"; };
		7D8BDB8B13287A97007CA615 /* MoreController.m */ = {isa = PBXFileReference; fileEncoding = 4; lastKnownFileType = sourcecode.c.objc; path = MoreController.m; sourceTree = "<group>"; };
		7DAF86BE1323681C00D9FDFA /* SlidingHeaderView.h */ = {isa = PBXFileReference; fileEncoding = 4; lastKnownFileType = sourcecode.c.h; path = SlidingHeaderView.h; sourceTree = "<group>"; };
		7DAF86BF1323681C00D9FDFA /* SlidingHeaderView.m */ = {isa = PBXFileReference; fileEncoding = 4; lastKnownFileType = sourcecode.c.objc; path = SlidingHeaderView.m; sourceTree = "<group>"; };
		7DAF86C5132378E600D9FDFA /* SubmissionDetailsHeaderView.h */ = {isa = PBXFileReference; fileEncoding = 4; lastKnownFileType = sourcecode.c.h; path = SubmissionDetailsHeaderView.h; sourceTree = "<group>"; };
		7DAF86C6132378E600D9FDFA /* SubmissionDetailsHeaderView.m */ = {isa = PBXFileReference; fileEncoding = 4; lastKnownFileType = sourcecode.c.objc; path = SubmissionDetailsHeaderView.m; sourceTree = "<group>"; };
		7DAF86C8132385A900D9FDFA /* EntryActionsView.h */ = {isa = PBXFileReference; fileEncoding = 4; lastKnownFileType = sourcecode.c.h; path = EntryActionsView.h; sourceTree = "<group>"; };
		7DAF86C9132385A900D9FDFA /* EntryActionsView.m */ = {isa = PBXFileReference; fileEncoding = 4; lastKnownFileType = sourcecode.c.objc; path = EntryActionsView.m; sourceTree = "<group>"; };
		7DAF86CB132408A200D9FDFA /* CommentDetailsHeaderView.h */ = {isa = PBXFileReference; fileEncoding = 4; lastKnownFileType = sourcecode.c.h; path = CommentDetailsHeaderView.h; sourceTree = "<group>"; };
		7DAF86CC132408A300D9FDFA /* CommentDetailsHeaderView.m */ = {isa = PBXFileReference; fileEncoding = 4; lastKnownFileType = sourcecode.c.objc; path = CommentDetailsHeaderView.m; sourceTree = "<group>"; };
		7DDC36BE132CBB2000311955 /* NSDictionary+Parameters.h */ = {isa = PBXFileReference; fileEncoding = 4; lastKnownFileType = sourcecode.c.h; path = "NSDictionary+Parameters.h"; sourceTree = "<group>"; };
		7DDC36BF132CBB2000311955 /* NSDictionary+Parameters.m */ = {isa = PBXFileReference; fileEncoding = 4; lastKnownFileType = sourcecode.c.objc; path = "NSDictionary+Parameters.m"; sourceTree = "<group>"; };
		7DDC36C2132CCE1600311955 /* NSString+HTML.h */ = {isa = PBXFileReference; fileEncoding = 4; lastKnownFileType = sourcecode.c.h; path = "NSString+HTML.h"; sourceTree = "<group>"; };
		7DDC36C3132CCE1700311955 /* NSString+HTML.m */ = {isa = PBXFileReference; fileEncoding = 4; lastKnownFileType = sourcecode.c.objc; path = "NSString+HTML.m"; sourceTree = "<group>"; };
		7DDF84841331D26100FE1F5E /* NSString+Entities.h */ = {isa = PBXFileReference; fileEncoding = 4; lastKnownFileType = sourcecode.c.h; path = "NSString+Entities.h"; sourceTree = "<group>"; };
		7DDF84851331D26100FE1F5E /* NSString+Entities.m */ = {isa = PBXFileReference; fileEncoding = 4; lastKnownFileType = sourcecode.c.objc; path = "NSString+Entities.m"; sourceTree = "<group>"; };
		7DEE29E41325FE9E002CC9FD /* BrowserController.h */ = {isa = PBXFileReference; fileEncoding = 4; lastKnownFileType = sourcecode.c.h; path = BrowserController.h; sourceTree = "<group>"; };
		7DEE29E51325FE9E002CC9FD /* BrowserController.m */ = {isa = PBXFileReference; fileEncoding = 4; lastKnownFileType = sourcecode.c.objc; path = BrowserController.m; sourceTree = "<group>"; };
		7DEE29E81326105B002CC9FD /* back.png */ = {isa = PBXFileReference; lastKnownFileType = image.png; path = back.png; sourceTree = "<group>"; };
		7DEE29E91326105B002CC9FD /* back@2x.png */ = {isa = PBXFileReference; lastKnownFileType = image.png; path = "back@2x.png"; sourceTree = "<group>"; };
		7DEE29EA1326105B002CC9FD /* forward.png */ = {isa = PBXFileReference; lastKnownFileType = image.png; path = forward.png; sourceTree = "<group>"; };
		7DEE29EB1326105B002CC9FD /* forward@2x.png */ = {isa = PBXFileReference; lastKnownFileType = image.png; path = "forward@2x.png"; sourceTree = "<group>"; };
/* End PBXFileReference section */

/* Begin PBXFrameworksBuildPhase section */
		7D1F988A1320CF720059EBBB /* Frameworks */ = {
			isa = PBXFrameworksBuildPhase;
			buildActionMask = 2147483647;
			files = (
				7D148E65132D68B5008FBF32 /* libxml2.dylib in Frameworks */,
				7D1F98921320CF720059EBBB /* UIKit.framework in Frameworks */,
				7D1F98941320CF720059EBBB /* Foundation.framework in Frameworks */,
				7D1F98961320CF720059EBBB /* CoreGraphics.framework in Frameworks */,
			);
			runOnlyForDeploymentPostprocessing = 0;
		};
/* End PBXFrameworksBuildPhase section */

/* Begin PBXGroup section */
		7D148E4F132D682D008FBF32 /* Hpple */ = {
			isa = PBXGroup;
			children = (
				7D148E51132D683F008FBF32 /* TFHpple.h */,
				7D148E52132D683F008FBF32 /* TFHpple.m */,
				7D148E53132D683F008FBF32 /* TFHppleElement.h */,
				7D148E54132D683F008FBF32 /* TFHppleElement.m */,
				7D148E55132D683F008FBF32 /* XPathQuery.h */,
				7D148E56132D683F008FBF32 /* XPathQuery.m */,
			);
			name = Hpple;
			sourceTree = "<group>";
		};
		7D1F98821320CF720059EBBB = {
			isa = PBXGroup;
			children = (
				7D1F98971320CF720059EBBB /* Orangey */,
				7D1F98901320CF720059EBBB /* Frameworks */,
				7D1F988E1320CF720059EBBB /* Products */,
			);
			sourceTree = "<group>";
		};
		7D1F988E1320CF720059EBBB /* Products */ = {
			isa = PBXGroup;
			children = (
				7D1F988D1320CF720059EBBB /* Orangey.app */,
			);
			name = Products;
			sourceTree = "<group>";
		};
		7D1F98901320CF720059EBBB /* Frameworks */ = {
			isa = PBXGroup;
			children = (
				7D148E64132D68B5008FBF32 /* libxml2.dylib */,
				7D1F98911320CF720059EBBB /* UIKit.framework */,
				7D1F98931320CF720059EBBB /* Foundation.framework */,
				7D1F98951320CF720059EBBB /* CoreGraphics.framework */,
			);
			name = Frameworks;
			sourceTree = "<group>";
		};
		7D1F98971320CF720059EBBB /* Orangey */ = {
			isa = PBXGroup;
			children = (
				7D1F98DA13222F000059EBBB /* json-framework */,
				7D148E4F132D682D008FBF32 /* Hpple */,
				7D1F98D313221C3D0059EBBB /* Categories */,
				7D1F98C8132213E20059EBBB /* HNKit */,
				7D1F98C51320E5FF0059EBBB /* Views */,
				7D1F98C61320E6090059EBBB /* Table Cells */,
				7D1F98C71320E6110059EBBB /* View Controllers */,
				7D876EBB1329E69F00904F68 /* StatusDelegate.h */,
				7D876EBC1329E6A000904F68 /* StatusDelegate.m */,
				7D876EB71329E51500904F68 /* InstapaperAPI.h */,
				7D876EB81329E51500904F68 /* InstapaperAPI.m */,
				7D1F98A01320CF720059EBBB /* OrangeyAppDelegate.h */,
				7D1F98A11320CF720059EBBB /* OrangeyAppDelegate.m */,
				7D1F989E1320CF720059EBBB /* main.m */,
				7D1F98981320CF720059EBBB /* Supporting Files */,
			);
			path = Orangey;
			sourceTree = "<group>";
		};
		7D1F98981320CF720059EBBB /* Supporting Files */ = {
			isa = PBXGroup;
			children = (
				7D876EC31329EDC100904F68 /* Images */,
				7D876EC11329EDB900904F68 /* Settings.bundle */,
				7D1F98991320CF720059EBBB /* Orangey-Info.plist */,
				7D1F989A1320CF720059EBBB /* InfoPlist.strings */,
				7D1F989D1320CF720059EBBB /* Orangey-Prefix.pch */,
			);
			name = "Supporting Files";
			sourceTree = "<group>";
		};
		7D1F98C51320E5FF0059EBBB /* Views */ = {
			isa = PBXGroup;
			children = (
				7D1F98C21320E5780059EBBB /* LoadingIndicatorView.h */,
				7D1F98C31320E5780059EBBB /* LoadingIndicatorView.m */,
				7D1F99111322FE010059EBBB /* ProfileHeaderView.h */,
				7D1F99121322FE010059EBBB /* ProfileHeaderView.m */,
				7DAF86BE1323681C00D9FDFA /* SlidingHeaderView.h */,
				7DAF86BF1323681C00D9FDFA /* SlidingHeaderView.m */,
				7D248E441324155E00882506 /* DetailsHeaderView.h */,
				7D248E451324155E00882506 /* DetailsHeaderView.m */,
				7DAF86C5132378E600D9FDFA /* SubmissionDetailsHeaderView.h */,
				7DAF86C6132378E600D9FDFA /* SubmissionDetailsHeaderView.m */,
				7DAF86CB132408A200D9FDFA /* CommentDetailsHeaderView.h */,
				7DAF86CC132408A300D9FDFA /* CommentDetailsHeaderView.m */,
				7D394B021325B6A200926C11 /* SolidToolbar.h */,
				7D394B031325B6A200926C11 /* SolidToolbar.m */,
				7DAF86C8132385A900D9FDFA /* EntryActionsView.h */,
				7DAF86C9132385A900D9FDFA /* EntryActionsView.m */,
				7D248E401324117A00882506 /* HeaderContainerView.h */,
				7D248E411324117A00882506 /* HeaderContainerView.m */,
			);
			name = Views;
			sourceTree = "<group>";
		};
		7D1F98C61320E6090059EBBB /* Table Cells */ = {
			isa = PBXGroup;
			children = (
				7D1F990E1322EE330059EBBB /* ABTableViewCell.h */,
				7D1F990F1322EE330059EBBB /* ABTableViewCell.m */,
				7D1F990B1322E9400059EBBB /* SubmissionTableCell.h */,
				7D1F990C1322E9400059EBBB /* SubmissionTableCell.m */,
				7D1F9917132333E60059EBBB /* CommentTableCell.h */,
				7D1F9918132333E70059EBBB /* CommentTableCell.m */,
			);
			name = "Table Cells";
			sourceTree = "<group>";
		};
		7D1F98C71320E6110059EBBB /* View Controllers */ = {
			isa = PBXGroup;
			children = (
				7D1F98BF1320E3F60059EBBB /* LoadingController.h */,
				7D1F98C01320E3F60059EBBB /* LoadingController.m */,
				7D1F991D132335420059EBBB /* EntryListController.h */,
				7D1F991E132335800059EBBB /* EntryListController.m */,
				7D1F98B91320D3930059EBBB /* SubmissionListController.h */,
				7D1F98BA1320D3930059EBBB /* SubmissionListController.m */,
				7D1F991A132334950059EBBB /* CommentListController.h */,
				7D1F991B132334960059EBBB /* CommentListController.m */,
				7D1F98BC1320E3A10059EBBB /* ProfileController.h */,
				7D1F98BD1320E3A10059EBBB /* ProfileController.m */,
				7DEE29E41325FE9E002CC9FD /* BrowserController.h */,
				7DEE29E51325FE9E002CC9FD /* BrowserController.m */,
				7D8BDB8A13287A97007CA615 /* MoreController.h */,
				7D8BDB8B13287A97007CA615 /* MoreController.m */,
			);
			name = "View Controllers";
			sourceTree = "<group>";
		};
		7D1F98C8132213E20059EBBB /* HNKit */ = {
			isa = PBXGroup;
			children = (
				7D1F98D2132217490059EBBB /* HNKit.h */,
				7D1F98C91322141F0059EBBB /* HNObject.h */,
				7D1F98CA1322141F0059EBBB /* HNObject.m */,
				7D1F98CC132214300059EBBB /* HNUser.h */,
				7D1F98CD132214300059EBBB /* HNUser.m */,
				7D1F98CF1322143E0059EBBB /* HNEntry.h */,
				7D1F98D01322143E0059EBBB /* HNEntry.m */,
				7D24A75D132C3E7C00C6C45D /* HNAPIParserItem.h */,
				7D24A75E132C3E7C00C6C45D /* HNAPIParserItem.m */,
				7D24A764132C3EA100C6C45D /* HNAPIParserItemUserProfile.h */,
				7D24A765132C3EA100C6C45D /* HNAPIParserItemUserProfile.m */,
				7D24A767132C3EDD00C6C45D /* HNAPIParserItemCommentTree.h */,
				7D24A768132C3EDD00C6C45D /* HNAPIParserItemCommentTree.m */,
				7D24A761132C3E9100C6C45D /* HNAPIParserItemSubmissionList.h */,
				7D24A762132C3E9100C6C45D /* HNAPIParserItemSubmissionList.m */,
				7D1F98D71322216D0059EBBB /* HNAPIRequest.h */,
				7D1F98D81322216E0059EBBB /* HNAPIRequest.m */,
				7D148E7B132DD8F0008FBF32 /* HNSession.h */,
				7D148E7C132DD8F0008FBF32 /* HNSession.m */,
			);
			name = HNKit;
			sourceTree = "<group>";
		};
		7D1F98D313221C3D0059EBBB /* Categories */ = {
			isa = PBXGroup;
			children = (
				7D1F98D413221C5E0059EBBB /* NSURL+Parameters.h */,
				7D1F98D513221C5E0059EBBB /* NSURL+Parameters.m */,
				7DDC36BE132CBB2000311955 /* NSDictionary+Parameters.h */,
				7DDC36BF132CBB2000311955 /* NSDictionary+Parameters.m */,
				7D1F98F71322306B0059EBBB /* NSObject+PerformSelector.h */,
				7D1F98F81322306B0059EBBB /* NSObject+PerformSelector.m */,
				7D1F9914132314100059EBBB /* NSString+RemoveSuffix.h */,
				7D1F9915132314110059EBBB /* NSString+RemoveSuffix.m */,
				7D876EBE1329E9AF00904F68 /* NSString+URLEncoding.h */,
				7D876EBF1329E9AF00904F68 /* NSString+URLEncoding.m */,
				7DDC36C2132CCE1600311955 /* NSString+HTML.h */,
				7DDC36C3132CCE1700311955 /* NSString+HTML.m */,
				7DDF84841331D26100FE1F5E /* NSString+Entities.h */,
				7DDF84851331D26100FE1F5E /* NSString+Entities.m */,
			);
			name = Categories;
			sourceTree = "<group>";
		};
		7D1F98DA13222F000059EBBB /* json-framework */ = {
			isa = PBXGroup;
			children = (
				7D1F98DB13222F0F0059EBBB /* JSON.h */,
				7D1F98DC13222F0F0059EBBB /* NSObject+JSON.h */,
				7D1F98DD13222F0F0059EBBB /* NSObject+JSON.m */,
				7D1F98DE13222F0F0059EBBB /* SBJsonParser.h */,
				7D1F98DF13222F0F0059EBBB /* SBJsonParser.m */,
				7D1F98E013222F0F0059EBBB /* SBJsonStreamParser.h */,
				7D1F98E113222F0F0059EBBB /* SBJsonStreamParser.m */,
				7D1F98E213222F0F0059EBBB /* SBJsonStreamParserAdapter.h */,
				7D1F98E313222F0F0059EBBB /* SBJsonStreamParserAdapter.m */,
				7D1F98E413222F0F0059EBBB /* SBJsonStreamParserState.h */,
				7D1F98E513222F0F0059EBBB /* SBJsonStreamParserState.m */,
				7D1F98E613222F0F0059EBBB /* SBJsonStreamWriter.h */,
				7D1F98E713222F0F0059EBBB /* SBJsonStreamWriter.m */,
				7D1F98E813222F0F0059EBBB /* SBJsonStreamWriterState.h */,
				7D1F98E913222F0F0059EBBB /* SBJsonStreamWriterState.m */,
				7D1F98EA13222F0F0059EBBB /* SBJsonTokeniser.h */,
				7D1F98EB13222F0F0059EBBB /* SBJsonTokeniser.m */,
				7D1F98EC13222F0F0059EBBB /* SBJsonWriter.h */,
				7D1F98ED13222F0F0059EBBB /* SBJsonWriter.m */,
			);
			name = "json-framework";
			sourceTree = "<group>";
		};
		7D876EC31329EDC100904F68 /* Images */ = {
			isa = PBXGroup;
			children = (
				7DEE29E81326105B002CC9FD /* back.png */,
				7DEE29E91326105B002CC9FD /* back@2x.png */,
				7DEE29EA1326105B002CC9FD /* forward.png */,
				7DEE29EB1326105B002CC9FD /* forward@2x.png */,
				7D394B121325F1F200926C11 /* flag.png */,
				7D394B131325F1F300926C11 /* flag@2x.png */,
				7D394B061325D5F300926C11 /* downvote.png */,
				7D394B071325D5F300926C11 /* downvote@2x.png */,
				7D394B081325D5F300926C11 /* reply.png */,
				7D394B091325D5F300926C11 /* reply@2x.png */,
				7D394B0A1325D5F300926C11 /* upvote.png */,
				7D394B0B1325D5F300926C11 /* upvote@2x.png */,
				7D1F99031322CE1F0059EBBB /* new.png */,
				7D1F99041322CE1F0059EBBB /* new@2x.png */,
				7D1F99051322CE200059EBBB /* profile.png */,
				7D1F99061322CE200059EBBB /* profile@2x.png */,
				7D1F98FD1322CC280059EBBB /* home.png */,
				7D1F98FE1322CC280059EBBB /* home@2x.png */,
			);
			name = Images;
			sourceTree = "<group>";
		};
/* End PBXGroup section */

/* Begin PBXNativeTarget section */
		7D1F988C1320CF720059EBBB /* Orangey */ = {
			isa = PBXNativeTarget;
			buildConfigurationList = 7D1F98B41320CF720059EBBB /* Build configuration list for PBXNativeTarget "Orangey" */;
			buildPhases = (
				7D1F98891320CF720059EBBB /* Sources */,
				7D1F988A1320CF720059EBBB /* Frameworks */,
				7D1F988B1320CF720059EBBB /* Resources */,
			);
			buildRules = (
			);
			dependencies = (
			);
			name = Orangey;
			productName = Orangey;
			productReference = 7D1F988D1320CF720059EBBB /* Orangey.app */;
			productType = "com.apple.product-type.application";
		};
/* End PBXNativeTarget section */

/* Begin PBXProject section */
		7D1F98841320CF720059EBBB /* Project object */ = {
			isa = PBXProject;
			buildConfigurationList = 7D1F98871320CF720059EBBB /* Build configuration list for PBXProject "Orangey" */;
			compatibilityVersion = "Xcode 3.2";
			developmentRegion = English;
			hasScannedForEncodings = 0;
			knownRegions = (
				en,
			);
			mainGroup = 7D1F98821320CF720059EBBB;
			productRefGroup = 7D1F988E1320CF720059EBBB /* Products */;
			projectDirPath = "";
			projectRoot = "";
			targets = (
				7D1F988C1320CF720059EBBB /* Orangey */,
			);
		};
/* End PBXProject section */

/* Begin PBXResourcesBuildPhase section */
		7D1F988B1320CF720059EBBB /* Resources */ = {
			isa = PBXResourcesBuildPhase;
			buildActionMask = 2147483647;
			files = (
				7D1F989C1320CF720059EBBB /* InfoPlist.strings in Resources */,
				7D1F98FF1322CC280059EBBB /* home.png in Resources */,
				7D1F99001322CC280059EBBB /* home@2x.png in Resources */,
				7D1F99071322CE200059EBBB /* new.png in Resources */,
				7D1F99081322CE200059EBBB /* new@2x.png in Resources */,
				7D1F99091322CE200059EBBB /* profile.png in Resources */,
				7D1F990A1322CE200059EBBB /* profile@2x.png in Resources */,
				7D394B0C1325D5F300926C11 /* downvote.png in Resources */,
				7D394B0D1325D5F300926C11 /* downvote@2x.png in Resources */,
				7D394B0E1325D5F300926C11 /* reply.png in Resources */,
				7D394B0F1325D5F300926C11 /* reply@2x.png in Resources */,
				7D394B101325D5F300926C11 /* upvote.png in Resources */,
				7D394B111325D5F300926C11 /* upvote@2x.png in Resources */,
				7D394B141325F1F600926C11 /* flag.png in Resources */,
				7D394B151325F1F600926C11 /* flag@2x.png in Resources */,
				7DEE29EC1326105B002CC9FD /* back.png in Resources */,
				7DEE29ED1326105B002CC9FD /* back@2x.png in Resources */,
				7DEE29EE1326105B002CC9FD /* forward.png in Resources */,
				7DEE29EF1326105B002CC9FD /* forward@2x.png in Resources */,
				7D876EC21329EDB900904F68 /* Settings.bundle in Resources */,
			);
			runOnlyForDeploymentPostprocessing = 0;
		};
/* End PBXResourcesBuildPhase section */

/* Begin PBXSourcesBuildPhase section */
		7D1F98891320CF720059EBBB /* Sources */ = {
			isa = PBXSourcesBuildPhase;
			buildActionMask = 2147483647;
			files = (
				7D4F647D13233A0300C9A548 /* EntryListController.m in Sources */,
				7D1F989F1320CF720059EBBB /* main.m in Sources */,
				7D1F98A21320CF720059EBBB /* OrangeyAppDelegate.m in Sources */,
				7D1F98BB1320D3930059EBBB /* SubmissionListController.m in Sources */,
				7D1F98BE1320E3A10059EBBB /* ProfileController.m in Sources */,
				7D1F98C11320E3F70059EBBB /* LoadingController.m in Sources */,
				7D1F98C41320E5790059EBBB /* LoadingIndicatorView.m in Sources */,
				7D1F98CB1322141F0059EBBB /* HNObject.m in Sources */,
				7D1F98CE132214300059EBBB /* HNUser.m in Sources */,
				7D1F98D11322143E0059EBBB /* HNEntry.m in Sources */,
				7D1F98D613221C5E0059EBBB /* NSURL+Parameters.m in Sources */,
				7D1F98D9132221710059EBBB /* HNAPIRequest.m in Sources */,
				7D1F98EE13222F0F0059EBBB /* NSObject+JSON.m in Sources */,
				7D1F98EF13222F0F0059EBBB /* SBJsonParser.m in Sources */,
				7D1F98F013222F0F0059EBBB /* SBJsonStreamParser.m in Sources */,
				7D1F98F113222F0F0059EBBB /* SBJsonStreamParserAdapter.m in Sources */,
				7D1F98F213222F0F0059EBBB /* SBJsonStreamParserState.m in Sources */,
				7D1F98F313222F0F0059EBBB /* SBJsonStreamWriter.m in Sources */,
				7D1F98F413222F0F0059EBBB /* SBJsonStreamWriterState.m in Sources */,
				7D1F98F513222F0F0059EBBB /* SBJsonTokeniser.m in Sources */,
				7D1F98F613222F0F0059EBBB /* SBJsonWriter.m in Sources */,
				7D1F98F91322306C0059EBBB /* NSObject+PerformSelector.m in Sources */,
				7D1F990D1322E9400059EBBB /* SubmissionTableCell.m in Sources */,
				7D1F99101322EE330059EBBB /* ABTableViewCell.m in Sources */,
				7D1F99131322FE020059EBBB /* ProfileHeaderView.m in Sources */,
				7D1F9916132314130059EBBB /* NSString+RemoveSuffix.m in Sources */,
				7D1F9919132333E90059EBBB /* CommentTableCell.m in Sources */,
				7D1F991C1323349A0059EBBB /* CommentListController.m in Sources */,
				7DAF86C01323681C00D9FDFA /* SlidingHeaderView.m in Sources */,
				7DAF86C7132378E600D9FDFA /* SubmissionDetailsHeaderView.m in Sources */,
				7DAF86CA132385AA00D9FDFA /* EntryActionsView.m in Sources */,
				7DAF86CD132408A600D9FDFA /* CommentDetailsHeaderView.m in Sources */,
				7D248E421324117A00882506 /* HeaderContainerView.m in Sources */,
				7D248E461324155F00882506 /* DetailsHeaderView.m in Sources */,
				7D394B041325B6A200926C11 /* SolidToolbar.m in Sources */,
				7DEE29E61325FE9E002CC9FD /* BrowserController.m in Sources */,
				7D8BDB8C13287A97007CA615 /* MoreController.m in Sources */,
				7D876EB91329E51600904F68 /* InstapaperAPI.m in Sources */,
				7D876EBD1329E6A300904F68 /* StatusDelegate.m in Sources */,
				7D876EC01329E9AF00904F68 /* NSString+URLEncoding.m in Sources */,
				7D24A75F132C3E7C00C6C45D /* HNAPIParserItem.m in Sources */,
				7D24A763132C3E9100C6C45D /* HNAPIParserItemSubmissionList.m in Sources */,
				7D24A766132C3EA200C6C45D /* HNAPIParserItemUserProfile.m in Sources */,
				7D24A769132C3EDD00C6C45D /* HNAPIParserItemCommentTree.m in Sources */,
				7DDC36C0132CBB2000311955 /* NSDictionary+Parameters.m in Sources */,
				7DDC36C4132CCE1700311955 /* NSString+HTML.m in Sources */,
				7D148E57132D683F008FBF32 /* TFHpple.m in Sources */,
				7D148E58132D683F008FBF32 /* TFHppleElement.m in Sources */,
				7D148E59132D683F008FBF32 /* XPathQuery.m in Sources */,
				7D148E7D132DD8F0008FBF32 /* HNSession.m in Sources */,
				7DDF84861331D26100FE1F5E /* NSString+Entities.m in Sources */,
			);
			runOnlyForDeploymentPostprocessing = 0;
		};
/* End PBXSourcesBuildPhase section */

/* Begin PBXVariantGroup section */
		7D1F989A1320CF720059EBBB /* InfoPlist.strings */ = {
			isa = PBXVariantGroup;
			children = (
				7D1F989B1320CF720059EBBB /* en */,
			);
			name = InfoPlist.strings;
			sourceTree = "<group>";
		};
/* End PBXVariantGroup section */

/* Begin XCBuildConfiguration section */
		7D1F98B21320CF720059EBBB /* Debug */ = {
			isa = XCBuildConfiguration;
			buildSettings = {
				ARCHS = "$(ARCHS_STANDARD_32_BIT)";
				"CODE_SIGN_IDENTITY[sdk=iphoneos*]" = "iPhone Developer";
				GCC_C_LANGUAGE_STANDARD = gnu99;
				GCC_OPTIMIZATION_LEVEL = 0;
				GCC_PREPROCESSOR_DEFINITIONS = DEBUG;
				GCC_VERSION = com.apple.compilers.llvmgcc42;
				GCC_WARN_ABOUT_RETURN_TYPE = YES;
				GCC_WARN_UNUSED_VARIABLE = YES;
				HEADER_SEARCH_PATHS = "/usr/include/libxml2/**";
				IPHONEOS_DEPLOYMENT_TARGET = 4.2;
				SDKROOT = iphoneos;
			};
			name = Debug;
		};
		7D1F98B31320CF720059EBBB /* Release */ = {
			isa = XCBuildConfiguration;
			buildSettings = {
				ARCHS = "$(ARCHS_STANDARD_32_BIT)";
				"CODE_SIGN_IDENTITY[sdk=iphoneos*]" = "iPhone Developer";
				GCC_C_LANGUAGE_STANDARD = gnu99;
				GCC_VERSION = com.apple.compilers.llvmgcc42;
				GCC_WARN_ABOUT_RETURN_TYPE = YES;
				GCC_WARN_UNUSED_VARIABLE = YES;
				HEADER_SEARCH_PATHS = "/usr/include/libxml2/**";
				IPHONEOS_DEPLOYMENT_TARGET = 4.2;
				OTHER_CFLAGS = "-DNS_BLOCK_ASSERTIONS=1";
				SDKROOT = iphoneos;
			};
			name = Release;
		};
		7D1F98B51320CF720059EBBB /* Debug */ = {
			isa = XCBuildConfiguration;
			buildSettings = {
				ALWAYS_SEARCH_USER_PATHS = NO;
				COPY_PHASE_STRIP = NO;
				GCC_DYNAMIC_NO_PIC = NO;
				GCC_PRECOMPILE_PREFIX_HEADER = YES;
				GCC_PREFIX_HEADER = "Orangey/Orangey-Prefix.pch";
				INFOPLIST_FILE = "Orangey/Orangey-Info.plist";
				INSTALL_PATH = "$(LOCAL_APPS_DIR)";
				PRODUCT_NAME = "$(TARGET_NAME)";
				WRAPPER_EXTENSION = app;
			};
			name = Debug;
		};
		7D1F98B61320CF720059EBBB /* Release */ = {
			isa = XCBuildConfiguration;
			buildSettings = {
				ALWAYS_SEARCH_USER_PATHS = NO;
				COPY_PHASE_STRIP = YES;
				GCC_PRECOMPILE_PREFIX_HEADER = YES;
				GCC_PREFIX_HEADER = "Orangey/Orangey-Prefix.pch";
				INFOPLIST_FILE = "Orangey/Orangey-Info.plist";
				INSTALL_PATH = "$(LOCAL_APPS_DIR)";
				PRODUCT_NAME = "$(TARGET_NAME)";
				VALIDATE_PRODUCT = YES;
				WRAPPER_EXTENSION = app;
			};
			name = Release;
		};
/* End XCBuildConfiguration section */

/* Begin XCConfigurationList section */
		7D1F98871320CF720059EBBB /* Build configuration list for PBXProject "Orangey" */ = {
			isa = XCConfigurationList;
			buildConfigurations = (
				7D1F98B21320CF720059EBBB /* Debug */,
				7D1F98B31320CF720059EBBB /* Release */,
			);
			defaultConfigurationIsVisible = 0;
			defaultConfigurationName = Release;
		};
		7D1F98B41320CF720059EBBB /* Build configuration list for PBXNativeTarget "Orangey" */ = {
			isa = XCConfigurationList;
			buildConfigurations = (
				7D1F98B51320CF720059EBBB /* Debug */,
				7D1F98B61320CF720059EBBB /* Release */,
			);
			defaultConfigurationIsVisible = 0;
			defaultConfigurationName = Release;
		};
/* End XCConfigurationList section */
	};
	rootObject = 7D1F98841320CF720059EBBB /* Project object */;
}
